<?xml version="1.0" encoding="utf-8"?>
<Project ToolsVersion="4.0" xmlns="http://schemas.microsoft.com/developer/msbuild/2003">
  <ItemGroup>
    <Filter Include="core">
      <UniqueIdentifier>{d65aa932-d38e-4fdc-8d87-08a8e0236a95}</UniqueIdentifier>
    </Filter>
    <Filter Include="src">
      <UniqueIdentifier>{4FC737F1-C7A5-4376-A066-2A32D752A2FF}</UniqueIdentifier>
      <Extensions>cpp;c;cc;cxx;c++;cppm;ixx;def;odl;idl;hpj;bat;asm;asmx</Extensions>
    </Filter>
    <Filter Include="models">
      <UniqueIdentifier>{0545139c-0ae9-4db6-b0cb-b5abc9587994}</UniqueIdentifier>
    </Filter>
  </ItemGroup>
  <ItemGroup>
    <ClCompile Include="HotelSystem.cpp">
      <Filter>src</Filter>
    </ClCompile>
    <ClCompile Include="Date.cpp">
      <Filter>core</Filter>
    </ClCompile>
    <ClCompile Include="MyString.cpp">
      <Filter>core</Filter>
    </ClCompile>
    <ClCompile Include="MyVector.cpp">
      <Filter>core</Filter>
    </ClCompile>
    <ClCompile Include="Room.cpp">
      <Filter>models</Filter>
    </ClCompile>
  </ItemGroup>
  <ItemGroup>
    <ClInclude Include="Date.h">
      <Filter>core</Filter>
    </ClInclude>
    <ClInclude Include="MyString.h">
      <Filter>core</Filter>
    </ClInclude>
    <ClInclude Include="MyVector.h">
      <Filter>core</Filter>
    </ClInclude>
    <ClInclude Include="Room.h">
      <Filter>models</Filter>
    </ClInclude>
  </ItemGroup>
</Project>